
Microsoft Visual Studio Solution File, Format Version 12.00
# Visual Studio Version 16
VisualStudioVersion = 16.0.28922.388
MinimumVisualStudioVersion = 10.0.40219.1
Project("{9A19103F-16F7-4668-BE54-9A1E7A4F7556}") = "Server", "Server\Server.csproj", "{D17047A6-8283-433F-93FD-E4640EFF9CFA}"
EndProject
Project("{9A19103F-16F7-4668-BE54-9A1E7A4F7556}") = "Client", "Client\Client.csproj", "{B8681E23-504B-48D4-8726-72F51610AF87}"
EndProject
Global
	GlobalSection(SolutionConfigurationPlatforms) = preSolution
		Debug|Any CPU = Debug|Any CPU
		Release|Any CPU = Release|Any CPU
	EndGlobalSection
	GlobalSection(ProjectConfigurationPlatforms) = postSolution
		{D17047A6-8283-433F-93FD-E4640EFF9CFA}.Debug|Any CPU.ActiveCfg = Debug|Any CPU
		{D17047A6-8283-433F-93FD-E4640EFF9CFA}.Debug|Any CPU.Build.0 = Debug|Any CPU
		{D17047A6-8283-433F-93FD-E4640EFF9CFA}.Release|Any CPU.ActiveCfg = Release|Any CPU
		{D17047A6-8283-433F-93FD-E4640EFF9CFA}.Release|Any CPU.Build.0 = Release|Any CPU
		{B8681E23-504B-48D4-8726-72F51610AF87}.Debug|Any CPU.ActiveCfg = Debug|Any CPU
		{B8681E23-504B-48D4-8726-72F51610AF87}.Debug|Any CPU.Build.0 = Debug|Any CPU
		{B8681E23-504B-48D4-8726-72F51610AF87}.Release|Any CPU.ActiveCfg = Release|Any CPU
		{B8681E23-504B-48D4-8726-72F51610AF87}.Release|Any CPU.Build.0 = Release|Any CPU
	EndGlobalSection
	GlobalSection(SolutionProperties) = preSolution
		HideSolutionNode = FALSE
	EndGlobalSection
	GlobalSection(ExtensibilityGlobals) = postSolution
		SolutionGuid = {06295889-64E7-45C7-9096-DC3EB11DFE66}
	EndGlobalSection
EndGlobal
